
Microsoft Visual Studio Solution File, Format Version 12.00
# Visual Studio Version 16
VisualStudioVersion = 16.0.30621.155
MinimumVisualStudioVersion = 10.0.40219.1
Project("{FAE04EC0-301F-11D3-BF4B-00C04F79EFBC}") = "crvCalc_v0.5", "crvCalc_v0.5\crvCalc_v0.5.csproj", "{970902A3-6F82-48EF-916B-A0A84BB281DD}"
EndProject
Global
	GlobalSection(SolutionConfigurationPlatforms) = preSolution
		Debug|Any CPU = Debug|Any CPU
		Release|Any CPU = Release|Any CPU
	EndGlobalSection
	GlobalSection(ProjectConfigurationPlatforms) = postSolution
		{970902A3-6F82-48EF-916B-A0A84BB281DD}.Debug|Any CPU.ActiveCfg = Debug|Any CPU
		{970902A3-6F82-48EF-916B-A0A84BB281DD}.Debug|Any CPU.Build.0 = Debug|Any CPU
		{970902A3-6F82-48EF-916B-A0A84BB281DD}.Release|Any CPU.ActiveCfg = Release|Any CPU
		{970902A3-6F82-48EF-916B-A0A84BB281DD}.Release|Any CPU.Build.0 = Release|Any CPU
	EndGlobalSection
	GlobalSection(SolutionProperties) = preSolution
		HideSolutionNode = FALSE
	EndGlobalSection
	GlobalSection(ExtensibilityGlobals) = postSolution
		SolutionGuid = {627E35ED-91F0-44D3-9333-0210AE8F2BCD}
	EndGlobalSection
EndGlobal
